
Microsoft Visual Studio Solution File, Format Version 12.00
# Visual Studio 2017
Project("{FAE04EC0-301F-11D3-BF4B-00C04F79EFBC}") = "HelloVR", "HelloVR.csproj", "{532AA304-AE1D-ACF1-A7DF-20FF01567CDD}"
EndProject
Project("{FAE04EC0-301F-11D3-BF4B-00C04F79EFBC}") = "HelloVR.Editor", "HelloVR.Editor.csproj", "{91D36905-2382-9D04-DB1F-26ED78270026}"
EndProject
Global
	GlobalSection(SolutionConfigurationPlatforms) = preSolution
		Debug|Any CPU = Debug|Any CPU
		Release|Any CPU = Release|Any CPU
	EndGlobalSection
	GlobalSection(ProjectConfigurationPlatforms) = postSolution
		{532AA304-AE1D-ACF1-A7DF-20FF01567CDD}.Debug|Any CPU.ActiveCfg = Debug|Any CPU
		{532AA304-AE1D-ACF1-A7DF-20FF01567CDD}.Debug|Any CPU.Build.0 = Debug|Any CPU
		{532AA304-AE1D-ACF1-A7DF-20FF01567CDD}.Release|Any CPU.ActiveCfg = Release|Any CPU
		{532AA304-AE1D-ACF1-A7DF-20FF01567CDD}.Release|Any CPU.Build.0 = Release|Any CPU
		{91D36905-2382-9D04-DB1F-26ED78270026}.Debug|Any CPU.ActiveCfg = Debug|Any CPU
		{91D36905-2382-9D04-DB1F-26ED78270026}.Debug|Any CPU.Build.0 = Debug|Any CPU
		{91D36905-2382-9D04-DB1F-26ED78270026}.Release|Any CPU.ActiveCfg = Release|Any CPU
		{91D36905-2382-9D04-DB1F-26ED78270026}.Release|Any CPU.Build.0 = Release|Any CPU
	EndGlobalSection
	GlobalSection(SolutionProperties) = preSolution
		HideSolutionNode = FALSE
	EndGlobalSection
EndGlobal
