
Microsoft Visual Studio Solution File, Format Version 12.00
# Visual Studio 2017
Project("{FAE04EC0-301F-11D3-BF4B-00C04F79EFBC}") = "HelloUnity1", "HelloUnity1.csproj", "{BDD6AB62-D291-8E21-18AF-DFA926D900AE}"
EndProject
Global
	GlobalSection(SolutionConfigurationPlatforms) = preSolution
		Debug|Any CPU = Debug|Any CPU
		Release|Any CPU = Release|Any CPU
	EndGlobalSection
	GlobalSection(ProjectConfigurationPlatforms) = postSolution
		{BDD6AB62-D291-8E21-18AF-DFA926D900AE}.Debug|Any CPU.ActiveCfg = Debug|Any CPU
		{BDD6AB62-D291-8E21-18AF-DFA926D900AE}.Debug|Any CPU.Build.0 = Debug|Any CPU
		{BDD6AB62-D291-8E21-18AF-DFA926D900AE}.Release|Any CPU.ActiveCfg = Release|Any CPU
		{BDD6AB62-D291-8E21-18AF-DFA926D900AE}.Release|Any CPU.Build.0 = Release|Any CPU
	EndGlobalSection
	GlobalSection(SolutionProperties) = preSolution
		HideSolutionNode = FALSE
	EndGlobalSection
EndGlobal
